{
    "default": {
        "virtualenv": {
            "version": "==15.1.0",
            "hash": "sha256:39d88b533b422825d644087a21e78c45cf5af0ef7a99a1fc9fbb7b481e5c85b0"
        },
        "packaging": {
            "version": "==16.8",
            "hash": "sha256:99276dc6e3a7851f32027a68f1095cd3f77c148091b092ea867a351811cfe388"
        },
        "pew": {
            "version": "==0.1.26",
            "hash": "sha256:259ac7a4603fe41b1fa950f30b2e4ccf4a23f7c89be2c34e0a4cec176c3ec581"
        },
        "backports.shutil-get-terminal-size": {
            "version": "==1.0.0",
            "hash": "sha256:0975ba55054c15e346944b38956a4c9cbee9009391e41b86c68990effb8c1f64"
        },
        "pythonz-bd": {
            "version": "==1.11.4",
            "hash": "sha256:30fa48c5b542e1ebfca167f10699b149768dd18a90185d98b8a766636b6343b9"
        },
        "six": {
            "version": "==1.10.0",
            "hash": "sha256:0ff78c403d9bccf5a425a6d31a12aa6b47f1c21ca4dc2573a7e2f32a97335eb1"
        },
        "virtualenv-clone": {
            "version": "==0.2.6",
            "hash": "sha256:6b3be5cab59e455f08c9eda573d23006b7d6fb41fae974ddaa2b275c93cc4405"
        },
        "futures": {
            "version": "==3.0.5",
            "hash": "sha256:f7f16b6bf9653a918a03f1f2c2d62aac0cd64b1bc088e93ea279517f6b61120b"
        },
        "pathlib": {
            "version": "==1.0.1",
            "hash": "sha256:6940718dfc3eff4258203ad5021090933e5c04707d5ca8cc9e73c94a7894ea9f"
        },
        "s3transfer": {
            "version": "==0.1.10",
            "hash": "sha256:bc52f38637f37572ae180c08a2dd87a4825b46713797633aab6e1a42d6b2b8ff"
        },
        "boto3": {
            "version": "==1.4.4",
            "hash": "sha256:5050c29353fec97301116386f469fa5858ccf47201623b53cf9f74e603bda52f"
        },
        "docutils": {
            "version": "==0.13.1",
            "hash": "sha256:de454f1015958450b72641165c08afe7023cd7e3944396448f2fb1b0ccba9d77"
        },
        "pyparsing": {
            "version": "==2.1.10",
            "hash": "sha256:67101d7acee692962f33dd30b5dce079ff532dd9aa99ff48d52a3dad51d2fe84"
        },
        "sh": {
            "version": "==1.12.9",
            "hash": "sha256:4aa77c98ba16773636d933f39cc5b53fcb98ecd9864a3d769d57f7fc4a218366"
        },
        "setuptools": {
            "version": "==34.2.0",
            "hash": "sha256:75d352eeeddd96a3fb702b1da9f8b89e5f8c045dbd86e3894516733eb5f99713"
        },
        "python-dateutil": {
            "version": "==2.6.0",
            "hash": "sha256:537bf2a8f8ce6f6862ad705cd68f9e405c0b5db014aa40fa29eab4335d4b1716"
        },
        "jmespath": {
            "version": "==0.9.1",
            "hash": "sha256:19942132a80f4bdeeb597f2027a48dc4dae3b99f407a8d5d7079d142c97c11b7"
        },
        "botocore": {
            "version": "==1.5.15",
            "hash": "sha256:3046cfe4b5fe83e8e2b11dcbe5191f6a8bdf0c44ea15784f737a3ce01f9f1056"
        },
        "click": {
            "version": "==6.7",
            "hash": "sha256:29f99fc6125fbc931b758dc053b3114e55c77a6e4c6c3a2674a2dc986016381d"
        },
        "appdirs": {
            "version": "==1.4.0",
            "hash": "sha256:85e58578db8f29538f3109c11250c2a5514a2fcdc9890d9b2fe777eb55517736"
        },
        "shutilwhich": {
            "version": "==1.1.0",
            "hash": "sha256:db1f39c6461e42f630fa617bb8c79090f7711c9ca493e615e43d0610ecb64dc6"
        }
    },
    "develop": {},
    "_meta": {
        "sources": [
            {
                "url": "https://pypi.python.org/simple",
                "verify_ssl": true
            }
        ],
        "requires": {
            "python_version": "2.7"
        },
        "hash": {
            "sha256": "38d85d04fb9eaaca922ff8d3380d2f1248e7f73432c201cff17bb8bdf84316f2"
        }
    }
}