{
    "_meta": {
        "hash": {
            "sha256": "d330b086e6aef01a946c5a1bdbe2110b28f7874945a36bf156a3a7fe53c6e2b6"
        },
        "requires": {
            "python_version": "2.7"
        },
        "sources": [
            {
                "url": "https://pypi.python.org/simple",
                "verify_ssl": true
            }
        ]
    },
    "default": {
        "boto3": {
            "hash": "sha256:5050c29353fec97301116386f469fa5858ccf47201623b53cf9f74e603bda52f",
            "version": "==1.4.4"
        },
        "botocore": {
            "hash": "sha256:ae0666ce9d93e9dc87792bf79738c7e204230c5fc0df7d27ecdc4f9c524a3f28",
            "version": "==1.5.73"
        },
        "click": {
            "hash": "sha256:29f99fc6125fbc931b758dc053b3114e55c77a6e4c6c3a2674a2dc986016381d",
            "version": "==6.7"
        },
        "docutils": {
            "hash": "sha256:de454f1015958450b72641165c08afe7023cd7e3944396448f2fb1b0ccba9d77",
            "version": "==0.13.1"
        },
        "futures": {
            "hash": "sha256:c4884a65654a7c45435063e14ae85280eb1f111d94e542396717ba9828c4337f",
            "version": "==3.1.1"
        },
        "jmespath": {
            "hash": "sha256:f11b4461f425740a1d908e9a3f7365c3d2e569f6ca68a2ff8bc5bcd9676edd63",
            "version": "==0.9.3"
        },
        "python-dateutil": {
            "hash": "sha256:537bf2a8f8ce6f6862ad705cd68f9e405c0b5db014aa40fa29eab4335d4b1716",
            "version": "==2.6.0"
        },
        "s3transfer": {
            "hash": "sha256:bc52f38637f37572ae180c08a2dd87a4825b46713797633aab6e1a42d6b2b8ff",
            "version": "==0.1.10"
        },
        "sh": {
            "hash": "sha256:ae3258c5249493cebe73cb4e18253a41ed69262484bad36fdb3efcb8ad8870bb",
            "version": "==1.12.14"
        },
        "six": {
            "hash": "sha256:0ff78c403d9bccf5a425a6d31a12aa6b47f1c21ca4dc2573a7e2f32a97335eb1",
            "version": "==1.10.0"
        }
    },
    "develop": {
        "py": {
            "hash": "sha256:2ccb79b01769d99115aa600d7eed99f524bf752bba8f041dc1c184853514655a",
            "version": "==1.4.34"
        },
        "pytest": {
            "hash": "sha256:41e618f317957505ae2e81935733d8304d84170f7e21dfb15184d6fa8d7a5230",
            "version": "==3.1.2"
        },
        "setuptools": {
            "hash": "sha256:f2900e560efc479938a219433c48f15a4ff4ecfe575a65de385eeb44f2425587",
            "version": "==36.0.1"
        }
    }
}